{
  "nodes": {
    "crane": {
      "locked": {
        "lastModified": 1765145449,
        "narHash": "sha256-aBVHGWWRzSpfL++LubA0CwOOQ64WNLegrYHwsVuVN7A=",
        "owner": "ipetkov",
        "repo": "crane",
        "rev": "69f538cdce5955fcd47abfed4395dc6d5194c1c5",
        "type": "github"
      },
      "original": {
        "owner": "ipetkov",
        "repo": "crane",
        "type": "github"
      }
    },
    "dgop": {
      "inputs": {
        "nixpkgs": [
          "dms",
          "nixpkgs"
        ]
      },
      "locked": {
        "lastModified": 1762835999,
        "narHash": "sha256-UykYGrGFOFTmDpKTLNxj1wvd1gbDG4TkqLNSbV0TYwk=",
        "owner": "AvengeMedia",
        "repo": "dgop",
        "rev": "799301991cd5dcea9b64245f9d500dcc76615653",
        "type": "github"
      },
      "original": {
        "owner": "AvengeMedia",
        "repo": "dgop",
        "type": "github"
      }
    },
    "dms": {
      "inputs": {
        "dgop": "dgop",
        "nixpkgs": [
          "nixpkgs"
        ],
        "quickshell": "quickshell"
      },
      "locked": {
        "lastModified": 1765552734,
        "narHash": "sha256-rWjWYu5rs3ZOJ4YJpvIscBZSYu74thJHc0VYyYKJTUc=",
        "owner": "AvengeMedia",
        "repo": "DankMaterialShell",
        "rev": "7fb358bada0d3a229ec5ee6aaad0f9b64f367331",
        "type": "github"
      },
      "original": {
        "owner": "AvengeMedia",
        "ref": "stable",
        "repo": "DankMaterialShell",
        "type": "github"
      }
    },
    "flake-compat": {
      "flake": false,
      "locked": {
        "lastModified": 1761588595,
        "narHash": "sha256-XKUZz9zewJNUj46b4AJdiRZJAvSZ0Dqj2BNfXvFlJC4=",
        "owner": "edolstra",
        "repo": "flake-compat",
        "rev": "f387cd2afec9419c8ee37694406ca490c3f34ee5",
        "type": "github"
      },
      "original": {
        "owner": "edolstra",
        "repo": "flake-compat",
        "type": "github"
      }
    },
    "gitignore": {
      "inputs": {
        "nixpkgs": [
          "lanzaboote",
          "pre-commit",
          "nixpkgs"
        ]
      },
      "locked": {
        "lastModified": 1709087332,
        "narHash": "sha256-HG2cCnktfHsKV0s4XW83gU3F57gaTljL9KNSuG6bnQs=",
        "owner": "hercules-ci",
        "repo": "gitignore.nix",
        "rev": "637db329424fd7e46cf4185293b9cc8c88c95394",
        "type": "github"
      },
      "original": {
        "owner": "hercules-ci",
        "repo": "gitignore.nix",
        "type": "github"
      }
    },
    "lanzaboote": {
      "inputs": {
        "crane": "crane",
        "nixpkgs": [
          "nixpkgs"
        ],
        "pre-commit": "pre-commit",
        "rust-overlay": "rust-overlay"
      },
      "locked": {
        "lastModified": 1765382359,
        "narHash": "sha256-RJmgVDzjRI18BWVogG6wpsl1UCuV6ui8qr4DJ1LfWZ8=",
        "owner": "nix-community",
        "repo": "lanzaboote",
        "rev": "e8c096ade12ec9130ff931b0f0e25d2f1bc63607",
        "type": "github"
      },
      "original": {
        "owner": "nix-community",
        "ref": "v1.0.0",
        "repo": "lanzaboote",
        "type": "github"
      }
    },
    "nixos-06cb-009a-fingerprint-sensor": {
      "inputs": {
        "nixpkgs": [
          "nixpkgs"
        ]
      },
      "locked": {
        "lastModified": 1754945827,
        "narHash": "sha256-89z87Si1iIq/C1MX3EaAtsXrQD5AelO3MGGbQWnTD1A=",
        "owner": "iedame",
        "repo": "nixos-06cb-009a-fingerprint-sensor",
        "rev": "ab574369cac3d8e72b0c96840ed014f98d8ceb7f",
        "type": "github"
      },
      "original": {
        "owner": "iedame",
        "ref": "25.11",
        "repo": "nixos-06cb-009a-fingerprint-sensor",
        "type": "github"
      }
    },
    "nixpkgs": {
      "locked": {
        "lastModified": 1766201043,
        "narHash": "sha256-eplAP+rorKKd0gNjV3rA6+0WMzb1X1i16F5m5pASnjA=",
        "owner": "NixOS",
        "repo": "nixpkgs",
        "rev": "b3aad468604d3e488d627c0b43984eb60e75e782",
        "type": "github"
      },
      "original": {
        "owner": "NixOS",
        "ref": "nixos-25.11",
        "repo": "nixpkgs",
        "type": "github"
      }
    },
    "pre-commit": {
      "inputs": {
        "flake-compat": "flake-compat",
        "gitignore": "gitignore",
        "nixpkgs": [
          "lanzaboote",
          "nixpkgs"
        ]
      },
      "locked": {
        "lastModified": 1765016596,
        "narHash": "sha256-rhSqPNxDVow7OQKi4qS5H8Au0P4S3AYbawBSmJNUtBQ=",
        "owner": "cachix",
        "repo": "pre-commit-hooks.nix",
        "rev": "548fc44fca28a5e81c5d6b846e555e6b9c2a5a3c",
        "type": "github"
      },
      "original": {
        "owner": "cachix",
        "repo": "pre-commit-hooks.nix",
        "type": "github"
      }
    },
    "quickshell": {
      "inputs": {
        "nixpkgs": [
          "dms",
          "nixpkgs"
        ]
      },
      "locked": {
        "lastModified": 1764663772,
        "narHash": "sha256-sHqLmm0wAt3PC4vczJeBozI1/f4rv9yp3IjkClHDXDs=",
        "ref": "refs/heads/master",
        "rev": "26531fc46ef17e9365b03770edd3fb9206fcb460",
        "revCount": 713,
        "type": "git",
        "url": "https://git.outfoxxed.me/quickshell/quickshell"
      },
      "original": {
        "rev": "26531fc46ef17e9365b03770edd3fb9206fcb460",
        "type": "git",
        "url": "https://git.outfoxxed.me/quickshell/quickshell"
      }
    },
    "root": {
      "inputs": {
        "dms": "dms",
        "lanzaboote": "lanzaboote",
        "nixos-06cb-009a-fingerprint-sensor": "nixos-06cb-009a-fingerprint-sensor",
        "nixpkgs": "nixpkgs"
      }
    },
    "rust-overlay": {
      "inputs": {
        "nixpkgs": [
          "lanzaboote",
          "nixpkgs"
        ]
      },
      "locked": {
        "lastModified": 1765075567,
        "narHash": "sha256-KFDCdQcHJ0hE3Nt5Gm5enRIhmtEifAjpxgUQ3mzSJpA=",
        "owner": "oxalica",
        "repo": "rust-overlay",
        "rev": "769156779b41e8787a46ca3d7d76443aaf68be6f",
        "type": "github"
      },
      "original": {
        "owner": "oxalica",
        "repo": "rust-overlay",
        "type": "github"
      }
    }
  },
  "root": "root",
  "version": 7
}
